// !$*UTF8*$!
{
	archiveVersion = 1;
	classes = {
	};
	objectVersion = 46;
	objects = {

/* Begin PBXBuildFile section */
		261390F91BBA17C100F7D022 /* SwiftToast.h in Headers */ = {isa = PBXBuildFile; fileRef = 261390F81BBA17C100F7D022 /* SwiftToast.h */; settings = {ATTRIBUTES = (Public, ); }; };
		261391001BBA17C100F7D022 /* SwiftToast.framework in Frameworks */ = {isa = PBXBuildFile; fileRef = 261390F51BBA17C100F7D022 /* SwiftToast.framework */; settings = {ASSET_TAGS = (); }; };
		261391051BBA17C100F7D022 /* SwiftToastTests.swift in Sources */ = {isa = PBXBuildFile; fileRef = 261391041BBA17C100F7D022 /* SwiftToastTests.swift */; };
		261391101BBA276700F7D022 /* SwiftToast.swift in Sources */ = {isa = PBXBuildFile; fileRef = 2613910F1BBA276700F7D022 /* SwiftToast.swift */; settings = {ASSET_TAGS = (); }; };
/* End PBXBuildFile section */

/* Begin PBXContainerItemProxy section */
		261391011BBA17C100F7D022 /* PBXContainerItemProxy */ = {
			isa = PBXContainerItemProxy;
			containerPortal = 261390EC1BBA17C100F7D022 /* Project object */;
			proxyType = 1;
			remoteGlobalIDString = 261390F41BBA17C100F7D022;
			remoteInfo = SwiftToast;
		};
/* End PBXContainerItemProxy section */

/* Begin PBXFileReference section */
		261390F51BBA17C100F7D022 /* SwiftToast.framework */ = {isa = PBXFileReference; explicitFileType = wrapper.framework; includeInIndex = 0; path = SwiftToast.framework; sourceTree = BUILT_PRODUCTS_DIR; };
		261390F81BBA17C100F7D022 /* SwiftToast.h */ = {isa = PBXFileReference; lastKnownFileType = sourcecode.c.h; path = SwiftToast.h; sourceTree = "<group>"; };
		261390FA1BBA17C100F7D022 /* Info.plist */ = {isa = PBXFileReference; lastKnownFileType = text.plist.xml; path = Info.plist; sourceTree = "<group>"; };
		261390FF1BBA17C100F7D022 /* SwiftToastTests.xctest */ = {isa = PBXFileReference; explicitFileType = wrapper.cfbundle; includeInIndex = 0; path = SwiftToastTests.xctest; sourceTree = BUILT_PRODUCTS_DIR; };
		261391041BBA17C100F7D022 /* SwiftToastTests.swift */ = {isa = PBXFileReference; lastKnownFileType = sourcecode.swift; path = SwiftToastTests.swift; sourceTree = "<group>"; };
		261391061BBA17C100F7D022 /* Info.plist */ = {isa = PBXFileReference; lastKnownFileType = text.plist.xml; path = Info.plist; sourceTree = "<group>"; };
		2613910F1BBA276700F7D022 /* SwiftToast.swift */ = {isa = PBXFileReference; fileEncoding = 4; lastKnownFileType = sourcecode.swift; path = SwiftToast.swift; sourceTree = "<group>"; };
/* End PBXFileReference section */

/* Begin PBXFrameworksBuildPhase section */
		261390F11BBA17C100F7D022 /* Frameworks */ = {
			isa = PBXFrameworksBuildPhase;
			buildActionMask = 2147483647;
			files = (
			);
			runOnlyForDeploymentPostprocessing = 0;
		};
		261390FC1BBA17C100F7D022 /* Frameworks */ = {
			isa = PBXFrameworksBuildPhase;
			buildActionMask = 2147483647;
			files = (
				261391001BBA17C100F7D022 /* SwiftToast.framework in Frameworks */,
			);
			runOnlyForDeploymentPostprocessing = 0;
		};
/* End PBXFrameworksBuildPhase section */

/* Begin PBXGroup section */
		261390EB1BBA17C100F7D022 = {
			isa = PBXGroup;
			children = (
				261390F71BBA17C100F7D022 /* SwiftToast */,
				261391031BBA17C100F7D022 /* SwiftToastTests */,
				261390F61BBA17C100F7D022 /* Products */,
			);
			sourceTree = "<group>";
		};
		261390F61BBA17C100F7D022 /* Products */ = {
			isa = PBXGroup;
			children = (
				261390F51BBA17C100F7D022 /* SwiftToast.framework */,
				261390FF1BBA17C100F7D022 /* SwiftToastTests.xctest */,
			);
			name = Products;
			sourceTree = "<group>";
		};
		261390F71BBA17C100F7D022 /* SwiftToast */ = {
			isa = PBXGroup;
			children = (
				261390F81BBA17C100F7D022 /* SwiftToast.h */,
				261390FA1BBA17C100F7D022 /* Info.plist */,
				2613910F1BBA276700F7D022 /* SwiftToast.swift */,
			);
			path = SwiftToast;
			sourceTree = "<group>";
		};
		261391031BBA17C100F7D022 /* SwiftToastTests */ = {
			isa = PBXGroup;
			children = (
				261391041BBA17C100F7D022 /* SwiftToastTests.swift */,
				261391061BBA17C100F7D022 /* Info.plist */,
			);
			path = SwiftToastTests;
			sourceTree = "<group>";
		};
/* End PBXGroup section */

/* Begin PBXHeadersBuildPhase section */
		261390F21BBA17C100F7D022 /* Headers */ = {
			isa = PBXHeadersBuildPhase;
			buildActionMask = 2147483647;
			files = (
				261390F91BBA17C100F7D022 /* SwiftToast.h in Headers */,
			);
			runOnlyForDeploymentPostprocessing = 0;
		};
/* End PBXHeadersBuildPhase section */

/* Begin PBXNativeTarget section */
		261390F41BBA17C100F7D022 /* SwiftToast */ = {
			isa = PBXNativeTarget;
			buildConfigurationList = 261391091BBA17C100F7D022 /* Build configuration list for PBXNativeTarget "SwiftToast" */;
			buildPhases = (
				261390F01BBA17C100F7D022 /* Sources */,
				261390F11BBA17C100F7D022 /* Frameworks */,
				261390F21BBA17C100F7D022 /* Headers */,
				261390F31BBA17C100F7D022 /* Resources */,
			);
			buildRules = (
			);
			dependencies = (
			);
			name = SwiftToast;
			productName = SwiftToast;
			productReference = 261390F51BBA17C100F7D022 /* SwiftToast.framework */;
			productType = "com.apple.product-type.framework";
		};
		261390FE1BBA17C100F7D022 /* SwiftToastTests */ = {
			isa = PBXNativeTarget;
			buildConfigurationList = 2613910C1BBA17C100F7D022 /* Build configuration list for PBXNativeTarget "SwiftToastTests" */;
			buildPhases = (
				261390FB1BBA17C100F7D022 /* Sources */,
				261390FC1BBA17C100F7D022 /* Frameworks */,
				261390FD1BBA17C100F7D022 /* Resources */,
			);
			buildRules = (
			);
			dependencies = (
				261391021BBA17C100F7D022 /* PBXTargetDependency */,
			);
			name = SwiftToastTests;
			productName = SwiftToastTests;
			productReference = 261390FF1BBA17C100F7D022 /* SwiftToastTests.xctest */;
			productType = "com.apple.product-type.bundle.unit-test";
		};
/* End PBXNativeTarget section */

/* Begin PBXProject section */
		261390EC1BBA17C100F7D022 /* Project object */ = {
			isa = PBXProject;
			attributes = {
				LastSwiftUpdateCheck = 0700;
				LastUpgradeCheck = 0700;
				ORGANIZATIONNAME = qefee;
				TargetAttributes = {
					261390F41BBA17C100F7D022 = {
						CreatedOnToolsVersion = 7.0;
					};
					261390FE1BBA17C100F7D022 = {
						CreatedOnToolsVersion = 7.0;
					};
				};
			};
			buildConfigurationList = 261390EF1BBA17C100F7D022 /* Build configuration list for PBXProject "SwiftToast" */;
			compatibilityVersion = "Xcode 3.2";
			developmentRegion = English;
			hasScannedForEncodings = 0;
			knownRegions = (
				en,
			);
			mainGroup = 261390EB1BBA17C100F7D022;
			productRefGroup = 261390F61BBA17C100F7D022 /* Products */;
			projectDirPath = "";
			projectRoot = "";
			targets = (
				261390F41BBA17C100F7D022 /* SwiftToast */,
				261390FE1BBA17C100F7D022 /* SwiftToastTests */,
			);
		};
/* End PBXProject section */

/* Begin PBXResourcesBuildPhase section */
		261390F31BBA17C100F7D022 /* Resources */ = {
			isa = PBXResourcesBuildPhase;
			buildActionMask = 2147483647;
			files = (
			);
			runOnlyForDeploymentPostprocessing = 0;
		};
		261390FD1BBA17C100F7D022 /* Resources */ = {
			isa = PBXResourcesBuildPhase;
			buildActionMask = 2147483647;
			files = (
			);
			runOnlyForDeploymentPostprocessing = 0;
		};
/* End PBXResourcesBuildPhase section */

/* Begin PBXSourcesBuildPhase section */
		261390F01BBA17C100F7D022 /* Sources */ = {
			isa = PBXSourcesBuildPhase;
			buildActionMask = 2147483647;
			files = (
				261391101BBA276700F7D022 /* SwiftToast.swift in Sources */,
			);
			runOnlyForDeploymentPostprocessing = 0;
		};
		261390FB1BBA17C100F7D022 /* Sources */ = {
			isa = PBXSourcesBuildPhase;
			buildActionMask = 2147483647;
			files = (
				261391051BBA17C100F7D022 /* SwiftToastTests.swift in Sources */,
			);
			runOnlyForDeploymentPostprocessing = 0;
		};
/* End PBXSourcesBuildPhase section */

/* Begin PBXTargetDependency section */
		261391021BBA17C100F7D022 /* PBXTargetDependency */ = {
			isa = PBXTargetDependency;
			target = 261390F41BBA17C100F7D022 /* SwiftToast */;
			targetProxy = 261391011BBA17C100F7D022 /* PBXContainerItemProxy */;
		};
/* End PBXTargetDependency section */

/* Begin XCBuildConfiguration section */
		261391071BBA17C100F7D022 /* Debug */ = {
			isa = XCBuildConfiguration;
			buildSettings = {
				ALWAYS_SEARCH_USER_PATHS = NO;
				CLANG_CXX_LANGUAGE_STANDARD = "gnu++0x";
				CLANG_CXX_LIBRARY = "libc++";
				CLANG_ENABLE_MODULES = YES;
				CLANG_ENABLE_OBJC_ARC = YES;
				CLANG_WARN_BOOL_CONVERSION = YES;
				CLANG_WARN_CONSTANT_CONVERSION = YES;
				CLANG_WARN_DIRECT_OBJC_ISA_USAGE = YES_ERROR;
				CLANG_WARN_EMPTY_BODY = YES;
				CLANG_WARN_ENUM_CONVERSION = YES;
				CLANG_WARN_INT_CONVERSION = YES;
				CLANG_WARN_OBJC_ROOT_CLASS = YES_ERROR;
				CLANG_WARN_UNREACHABLE_CODE = YES;
				CLANG_WARN__DUPLICATE_METHOD_MATCH = YES;
				"CODE_SIGN_IDENTITY[sdk=iphoneos*]" = "iPhone Developer";
				COPY_PHASE_STRIP = NO;
				CURRENT_PROJECT_VERSION = 1;
				DEBUG_INFORMATION_FORMAT = dwarf;
				ENABLE_STRICT_OBJC_MSGSEND = YES;
				ENABLE_TESTABILITY = YES;
				GCC_C_LANGUAGE_STANDARD = gnu99;
				GCC_DYNAMIC_NO_PIC = NO;
				GCC_NO_COMMON_BLOCKS = YES;
				GCC_OPTIMIZATION_LEVEL = 0;
				GCC_PREPROCESSOR_DEFINITIONS = (
					"DEBUG=1",
					"$(inherited)",
				);
				GCC_WARN_64_TO_32_BIT_CONVERSION = YES;
				GCC_WARN_ABOUT_RETURN_TYPE = YES_ERROR;
				GCC_WARN_UNDECLARED_SELECTOR = YES;
				GCC_WARN_UNINITIALIZED_AUTOS = YES_AGGRESSIVE;
				GCC_WARN_UNUSED_FUNCTION = YES;
				GCC_WARN_UNUSED_VARIABLE = YES;
				IPHONEOS_DEPLOYMENT_TARGET = 9.0;
				MTL_ENABLE_DEBUG_INFO = YES;
				ONLY_ACTIVE_ARCH = YES;
				SDKROOT = iphoneos;
				SWIFT_OPTIMIZATION_LEVEL = "-Onone";
				TARGETED_DEVICE_FAMILY = "1,2";
				VERSIONING_SYSTEM = "apple-generic";
				VERSION_INFO_PREFIX = "";
			};
			name = Debug;
		};
		261391081BBA17C100F7D022 /* Release */ = {
			isa = XCBuildConfiguration;
			buildSettings = {
				ALWAYS_SEARCH_USER_PATHS = NO;
				CLANG_CXX_LANGUAGE_STANDARD = "gnu++0x";
				CLANG_CXX_LIBRARY = "libc++";
				CLANG_ENABLE_MODULES = YES;
				CLANG_ENABLE_OBJC_ARC = YES;
				CLANG_WARN_BOOL_CONVERSION = YES;
				CLANG_WARN_CONSTANT_CONVERSION = YES;
				CLANG_WARN_DIRECT_OBJC_ISA_USAGE = YES_ERROR;
				CLANG_WARN_EMPTY_BODY = YES;
				CLANG_WARN_ENUM_CONVERSION = YES;
				CLANG_WARN_INT_CONVERSION = YES;
				CLANG_WARN_OBJC_ROOT_CLASS = YES_ERROR;
				CLANG_WARN_UNREACHABLE_CODE = YES;
				CLANG_WARN__DUPLICATE_METHOD_MATCH = YES;
				"CODE_SIGN_IDENTITY[sdk=iphoneos*]" = "iPhone Developer";
				COPY_PHASE_STRIP = NO;
				CURRENT_PROJECT_VERSION = 1;
				DEBUG_INFORMATION_FORMAT = "dwarf-with-dsym";
				ENABLE_NS_ASSERTIONS = NO;
				ENABLE_STRICT_OBJC_MSGSEND = YES;
				GCC_C_LANGUAGE_STANDARD = gnu99;
				GCC_NO_COMMON_BLOCKS = YES;
				GCC_WARN_64_TO_32_BIT_CONVERSION = YES;
				GCC_WARN_ABOUT_RETURN_TYPE = YES_ERROR;
				GCC_WARN_UNDECLARED_SELECTOR = YES;
				GCC_WARN_UNINITIALIZED_AUTOS = YES_AGGRESSIVE;
				GCC_WARN_UNUSED_FUNCTION = YES;
				GCC_WARN_UNUSED_VARIABLE = YES;
				IPHONEOS_DEPLOYMENT_TARGET = 9.0;
				MTL_ENABLE_DEBUG_INFO = NO;
				SDKROOT = iphoneos;
				TARGETED_DEVICE_FAMILY = "1,2";
				VALIDATE_PRODUCT = YES;
				VERSIONING_SYSTEM = "apple-generic";
				VERSION_INFO_PREFIX = "";
			};
			name = Release;
		};
		2613910A1BBA17C100F7D022 /* Debug */ = {
			isa = XCBuildConfiguration;
			buildSettings = {
				CLANG_ENABLE_MODULES = YES;
				DEFINES_MODULE = YES;
				DYLIB_COMPATIBILITY_VERSION = 1;
				DYLIB_CURRENT_VERSION = 1;
				DYLIB_INSTALL_NAME_BASE = "@rpath";
				INFOPLIST_FILE = SwiftToast/Info.plist;
				INSTALL_PATH = "$(LOCAL_LIBRARY_DIR)/Frameworks";
				IPHONEOS_DEPLOYMENT_TARGET = 8.0;
				LD_RUNPATH_SEARCH_PATHS = "$(inherited) @executable_path/Frameworks @loader_path/Frameworks";
				PRODUCT_BUNDLE_IDENTIFIER = com.qefee.SwiftToast;
				PRODUCT_NAME = "$(TARGET_NAME)";
				SKIP_INSTALL = YES;
				SWIFT_OPTIMIZATION_LEVEL = "-Onone";
			};
			name = Debug;
		};
		2613910B1BBA17C100F7D022 /* Release */ = {
			isa = XCBuildConfiguration;
			buildSettings = {
				CLANG_ENABLE_MODULES = YES;
				DEFINES_MODULE = YES;
				DYLIB_COMPATIBILITY_VERSION = 1;
				DYLIB_CURRENT_VERSION = 1;
				DYLIB_INSTALL_NAME_BASE = "@rpath";
				INFOPLIST_FILE = SwiftToast/Info.plist;
				INSTALL_PATH = "$(LOCAL_LIBRARY_DIR)/Frameworks";
				IPHONEOS_DEPLOYMENT_TARGET = 8.0;
				LD_RUNPATH_SEARCH_PATHS = "$(inherited) @executable_path/Frameworks @loader_path/Frameworks";
				PRODUCT_BUNDLE_IDENTIFIER = com.qefee.SwiftToast;
				PRODUCT_NAME = "$(TARGET_NAME)";
				SKIP_INSTALL = YES;
			};
			name = Release;
		};
		2613910D1BBA17C100F7D022 /* Debug */ = {
			isa = XCBuildConfiguration;
			buildSettings = {
				INFOPLIST_FILE = SwiftToastTests/Info.plist;
				LD_RUNPATH_SEARCH_PATHS = "$(inherited) @executable_path/Frameworks @loader_path/Frameworks";
				PRODUCT_BUNDLE_IDENTIFIER = com.qefee.SwiftToastTests;
				PRODUCT_NAME = "$(TARGET_NAME)";
			};
			name = Debug;
		};
		2613910E1BBA17C100F7D022 /* Release */ = {
			isa = XCBuildConfiguration;
			buildSettings = {
				INFOPLIST_FILE = SwiftToastTests/Info.plist;
				LD_RUNPATH_SEARCH_PATHS = "$(inherited) @executable_path/Frameworks @loader_path/Frameworks";
				PRODUCT_BUNDLE_IDENTIFIER = com.qefee.SwiftToastTests;
				PRODUCT_NAME = "$(TARGET_NAME)";
			};
			name = Release;
		};
/* End XCBuildConfiguration section */

/* Begin XCConfigurationList section */
		261390EF1BBA17C100F7D022 /* Build configuration list for PBXProject "SwiftToast" */ = {
			isa = XCConfigurationList;
			buildConfigurations = (
				261391071BBA17C100F7D022 /* Debug */,
				261391081BBA17C100F7D022 /* Release */,
			);
			defaultConfigurationIsVisible = 0;
			defaultConfigurationName = Release;
		};
		261391091BBA17C100F7D022 /* Build configuration list for PBXNativeTarget "SwiftToast" */ = {
			isa = XCConfigurationList;
			buildConfigurations = (
				2613910A1BBA17C100F7D022 /* Debug */,
				2613910B1BBA17C100F7D022 /* Release */,
			);
			defaultConfigurationIsVisible = 0;
		};
		2613910C1BBA17C100F7D022 /* Build configuration list for PBXNativeTarget "SwiftToastTests" */ = {
			isa = XCConfigurationList;
			buildConfigurations = (
				2613910D1BBA17C100F7D022 /* Debug */,
				2613910E1BBA17C100F7D022 /* Release */,
			);
			defaultConfigurationIsVisible = 0;
		};
/* End XCConfigurationList section */
	};
	rootObject = 261390EC1BBA17C100F7D022 /* Project object */;
}
